
Microsoft Visual Studio Solution File, Format Version 12.00
# Visual Studio Version 17
VisualStudioVersion = 17.13.35931.197 d17.13
MinimumVisualStudioVersion = 10.0.40219.1
Project("{FAE04EC0-301F-11D3-BF4B-00C04F79EFBC}") = "RestoranApp", "RestoranApp.csproj", "{E51C7267-2B77-4247-B145-6B7EF9EFF3D8}"
EndProject
Global
	GlobalSection(SolutionConfigurationPlatforms) = preSolution
		Debug|Any CPU = Debug|Any CPU
		Release|Any CPU = Release|Any CPU
	EndGlobalSection
	GlobalSection(ProjectConfigurationPlatforms) = postSolution
		{E51C7267-2B77-4247-B145-6B7EF9EFF3D8}.Debug|Any CPU.ActiveCfg = Debug|Any CPU
		{E51C7267-2B77-4247-B145-6B7EF9EFF3D8}.Debug|Any CPU.Build.0 = Debug|Any CPU
		{E51C7267-2B77-4247-B145-6B7EF9EFF3D8}.Debug|Any CPU.Deploy.0 = Debug|Any CPU
		{E51C7267-2B77-4247-B145-6B7EF9EFF3D8}.Release|Any CPU.ActiveCfg = Release|Any CPU
		{E51C7267-2B77-4247-B145-6B7EF9EFF3D8}.Release|Any CPU.Build.0 = Release|Any CPU
		{E51C7267-2B77-4247-B145-6B7EF9EFF3D8}.Release|Any CPU.Deploy.0 = Release|Any CPU
	EndGlobalSection
	GlobalSection(SolutionProperties) = preSolution
		HideSolutionNode = FALSE
	EndGlobalSection
	GlobalSection(ExtensibilityGlobals) = postSolution
		SolutionGuid = {5BB2D1FE-4EBC-4722-B91C-5204C4DB31DF}
	EndGlobalSection
EndGlobal
